
Microsoft Visual Studio Solution File, Format Version 12.00
# Visual Studio Version 17
VisualStudioVersion = 17.0.32112.339
MinimumVisualStudioVersion = 10.0.40219.1
Project("{FAE04EC0-301F-11D3-BF4B-00C04F79EFBC}") = "Proyecto aires 3", "Proyecto aires 3\Proyecto aires 3.csproj", "{CF7B577B-05A4-4389-AB48-B2A8D65CC8BD}"
EndProject
Global
	GlobalSection(SolutionConfigurationPlatforms) = preSolution
		Debug|Any CPU = Debug|Any CPU
		Release|Any CPU = Release|Any CPU
	EndGlobalSection
	GlobalSection(ProjectConfigurationPlatforms) = postSolution
		{CF7B577B-05A4-4389-AB48-B2A8D65CC8BD}.Debug|Any CPU.ActiveCfg = Debug|Any CPU
		{CF7B577B-05A4-4389-AB48-B2A8D65CC8BD}.Debug|Any CPU.Build.0 = Debug|Any CPU
		{CF7B577B-05A4-4389-AB48-B2A8D65CC8BD}.Release|Any CPU.ActiveCfg = Release|Any CPU
		{CF7B577B-05A4-4389-AB48-B2A8D65CC8BD}.Release|Any CPU.Build.0 = Release|Any CPU
	EndGlobalSection
	GlobalSection(SolutionProperties) = preSolution
		HideSolutionNode = FALSE
	EndGlobalSection
	GlobalSection(ExtensibilityGlobals) = postSolution
		SolutionGuid = {CDE2B749-4FE6-4516-B536-F66715C76227}
	EndGlobalSection
EndGlobal
